
Microsoft Visual Studio Solution File, Format Version 12.00
# Visual Studio Version 16
VisualStudioVersion = 25.0.1705.0
MinimumVisualStudioVersion = 10.0.40219.1
Project("{FAE04EC0-301F-11D3-BF4B-00C04F79EFBC}") = "Bookstore.Api", "Books\Bookstore.Api\Bookstore.Api.csproj", "{361AE0E0-97BD-41C8-B2F1-3EA93FF2FE0A}"
EndProject
Project("{FAE04EC0-301F-11D3-BF4B-00C04F79EFBC}") = "Bookstore.Tests.Unit", "Books\Bookstore.Tests.Unit\Bookstore.Tests.Unit.csproj", "{E0DB8036-4124-4FB8-9F04-48DE592165BA}"
EndProject
Project("{FAE04EC0-301F-11D3-BF4B-00C04F79EFBC}") = "Bookstore.Tests.Integration", "Books\Bookstore.Tests.Integration\Bookstore.Tests.Integration.csproj", "{4A5D1239-637C-42A8-A14B-2A1BA12A2CCC}"
EndProject
Project("{FAE04EC0-301F-11D3-BF4B-00C04F79EFBC}") = "Bookstore.Tests.Api", "Books\Bookstore.Tests.Api\Bookstore.Tests.Api.csproj", "{EACE6E94-8F76-49D8-BE85-1A76327C1C90}"
EndProject
Project("{2150E333-8FDC-42A3-9474-1A3956D46DE8}") = "Books", "Books", "{9E121EE6-FF7A-4E67-8D63-3B899FE3AE10}"
EndProject
Project("{2150E333-8FDC-42A3-9474-1A3956D46DE8}") = "Publishers", "Publishers", "{D583509F-B20C-43C5-B44C-6513B9253E96}"
EndProject
Project("{FAE04EC0-301F-11D3-BF4B-00C04F79EFBC}") = "Publisher.Api", "Publishers\Publisher.Api\Publisher.Api.csproj", "{328C7451-C3C4-480E-B0FB-EDE63431192E}"
EndProject
Project("{FAE04EC0-301F-11D3-BF4B-00C04F79EFBC}") = "Publisher.Tests.Unit", "Publishers\Publisher.Tests.Unit\Publisher.Tests.Unit.csproj", "{CF2F4A3D-AA02-47F3-B989-FFF0D01C2F16}"
EndProject
Project("{2150E333-8FDC-42A3-9474-1A3956D46DE8}") = "Shared", "Shared", "{75306F20-AC19-423B-89FA-8D6E7BD5ABA2}"
EndProject
Project("{FAE04EC0-301F-11D3-BF4B-00C04F79EFBC}") = "Bookstore.CQRS", "Shared\Bookstore.CQRS\Bookstore.CQRS.csproj", "{642AF4BB-AAEF-4755-B17D-9558D3CD0D7B}"
EndProject
Project("{FAE04EC0-301F-11D3-BF4B-00C04F79EFBC}") = "Bookstore.Common", "Shared\Bookstore.Common\Bookstore.Common.csproj", "{EDFB031E-F16F-4D57-A293-0372AFB7B5A5}"
EndProject
Project("{2150E333-8FDC-42A3-9474-1A3956D46DE8}") = "GraphQl", "GraphQl", "{B6C3C138-E9FB-48EE-9DB6-F9DCC4BFDD92}"
EndProject
Project("{FAE04EC0-301F-11D3-BF4B-00C04F79EFBC}") = "Bookstore.GraphQl", "GraphQl\Bookstore.GraphQl\Bookstore.GraphQl.csproj", "{900C9BAC-E6C8-46D2-BF88-AEF89BF75A46}"
EndProject
Global
	GlobalSection(SolutionConfigurationPlatforms) = preSolution
		Debug|Any CPU = Debug|Any CPU
		Release|Any CPU = Release|Any CPU
	EndGlobalSection
	GlobalSection(ProjectConfigurationPlatforms) = postSolution
		{361AE0E0-97BD-41C8-B2F1-3EA93FF2FE0A}.Debug|Any CPU.ActiveCfg = Debug|Any CPU
		{361AE0E0-97BD-41C8-B2F1-3EA93FF2FE0A}.Debug|Any CPU.Build.0 = Debug|Any CPU
		{361AE0E0-97BD-41C8-B2F1-3EA93FF2FE0A}.Release|Any CPU.ActiveCfg = Release|Any CPU
		{361AE0E0-97BD-41C8-B2F1-3EA93FF2FE0A}.Release|Any CPU.Build.0 = Release|Any CPU
		{E0DB8036-4124-4FB8-9F04-48DE592165BA}.Debug|Any CPU.ActiveCfg = Debug|Any CPU
		{E0DB8036-4124-4FB8-9F04-48DE592165BA}.Debug|Any CPU.Build.0 = Debug|Any CPU
		{E0DB8036-4124-4FB8-9F04-48DE592165BA}.Release|Any CPU.ActiveCfg = Release|Any CPU
		{E0DB8036-4124-4FB8-9F04-48DE592165BA}.Release|Any CPU.Build.0 = Release|Any CPU
		{4A5D1239-637C-42A8-A14B-2A1BA12A2CCC}.Debug|Any CPU.ActiveCfg = Debug|Any CPU
		{4A5D1239-637C-42A8-A14B-2A1BA12A2CCC}.Debug|Any CPU.Build.0 = Debug|Any CPU
		{4A5D1239-637C-42A8-A14B-2A1BA12A2CCC}.Release|Any CPU.ActiveCfg = Release|Any CPU
		{4A5D1239-637C-42A8-A14B-2A1BA12A2CCC}.Release|Any CPU.Build.0 = Release|Any CPU
		{EACE6E94-8F76-49D8-BE85-1A76327C1C90}.Debug|Any CPU.ActiveCfg = Debug|Any CPU
		{EACE6E94-8F76-49D8-BE85-1A76327C1C90}.Debug|Any CPU.Build.0 = Debug|Any CPU
		{EACE6E94-8F76-49D8-BE85-1A76327C1C90}.Release|Any CPU.ActiveCfg = Release|Any CPU
		{EACE6E94-8F76-49D8-BE85-1A76327C1C90}.Release|Any CPU.Build.0 = Release|Any CPU
		{328C7451-C3C4-480E-B0FB-EDE63431192E}.Debug|Any CPU.ActiveCfg = Debug|Any CPU
		{328C7451-C3C4-480E-B0FB-EDE63431192E}.Debug|Any CPU.Build.0 = Debug|Any CPU
		{328C7451-C3C4-480E-B0FB-EDE63431192E}.Release|Any CPU.ActiveCfg = Release|Any CPU
		{328C7451-C3C4-480E-B0FB-EDE63431192E}.Release|Any CPU.Build.0 = Release|Any CPU
		{CF2F4A3D-AA02-47F3-B989-FFF0D01C2F16}.Debug|Any CPU.ActiveCfg = Debug|Any CPU
		{CF2F4A3D-AA02-47F3-B989-FFF0D01C2F16}.Debug|Any CPU.Build.0 = Debug|Any CPU
		{CF2F4A3D-AA02-47F3-B989-FFF0D01C2F16}.Release|Any CPU.ActiveCfg = Release|Any CPU
		{CF2F4A3D-AA02-47F3-B989-FFF0D01C2F16}.Release|Any CPU.Build.0 = Release|Any CPU
		{642AF4BB-AAEF-4755-B17D-9558D3CD0D7B}.Debug|Any CPU.ActiveCfg = Debug|Any CPU
		{642AF4BB-AAEF-4755-B17D-9558D3CD0D7B}.Debug|Any CPU.Build.0 = Debug|Any CPU
		{642AF4BB-AAEF-4755-B17D-9558D3CD0D7B}.Release|Any CPU.ActiveCfg = Release|Any CPU
		{642AF4BB-AAEF-4755-B17D-9558D3CD0D7B}.Release|Any CPU.Build.0 = Release|Any CPU
		{EDFB031E-F16F-4D57-A293-0372AFB7B5A5}.Debug|Any CPU.ActiveCfg = Debug|Any CPU
		{EDFB031E-F16F-4D57-A293-0372AFB7B5A5}.Debug|Any CPU.Build.0 = Debug|Any CPU
		{EDFB031E-F16F-4D57-A293-0372AFB7B5A5}.Release|Any CPU.ActiveCfg = Release|Any CPU
		{EDFB031E-F16F-4D57-A293-0372AFB7B5A5}.Release|Any CPU.Build.0 = Release|Any CPU
		{900C9BAC-E6C8-46D2-BF88-AEF89BF75A46}.Debug|Any CPU.ActiveCfg = Debug|Any CPU
		{900C9BAC-E6C8-46D2-BF88-AEF89BF75A46}.Debug|Any CPU.Build.0 = Debug|Any CPU
		{900C9BAC-E6C8-46D2-BF88-AEF89BF75A46}.Release|Any CPU.ActiveCfg = Release|Any CPU
		{900C9BAC-E6C8-46D2-BF88-AEF89BF75A46}.Release|Any CPU.Build.0 = Release|Any CPU
	EndGlobalSection
	GlobalSection(SolutionProperties) = preSolution
		HideSolutionNode = FALSE
	EndGlobalSection
	GlobalSection(ExtensibilityGlobals) = postSolution
		SolutionGuid = {661C4FB0-EF61-43B4-8635-989519A97E74}
	EndGlobalSection
	GlobalSection(NestedProjects) = preSolution
		{361AE0E0-97BD-41C8-B2F1-3EA93FF2FE0A} = {9E121EE6-FF7A-4E67-8D63-3B899FE3AE10}
		{EACE6E94-8F76-49D8-BE85-1A76327C1C90} = {9E121EE6-FF7A-4E67-8D63-3B899FE3AE10}
		{4A5D1239-637C-42A8-A14B-2A1BA12A2CCC} = {9E121EE6-FF7A-4E67-8D63-3B899FE3AE10}
		{E0DB8036-4124-4FB8-9F04-48DE592165BA} = {9E121EE6-FF7A-4E67-8D63-3B899FE3AE10}
		{328C7451-C3C4-480E-B0FB-EDE63431192E} = {D583509F-B20C-43C5-B44C-6513B9253E96}
		{CF2F4A3D-AA02-47F3-B989-FFF0D01C2F16} = {D583509F-B20C-43C5-B44C-6513B9253E96}
		{642AF4BB-AAEF-4755-B17D-9558D3CD0D7B} = {75306F20-AC19-423B-89FA-8D6E7BD5ABA2}
		{EDFB031E-F16F-4D57-A293-0372AFB7B5A5} = {75306F20-AC19-423B-89FA-8D6E7BD5ABA2}
		{900C9BAC-E6C8-46D2-BF88-AEF89BF75A46} = {B6C3C138-E9FB-48EE-9DB6-F9DCC4BFDD92}
	EndGlobalSection
EndGlobal
